{
  "nodes": {
    "emacs-overlay": {
      "locked": {
        "lastModified": 1626858490,
        "narHash": "sha256-g2Z/y5G4S1I8MPDHR/qiAHU+R8WvJf/yV2gGBgssgf4=",
        "owner": "nix-community",
        "repo": "emacs-overlay",
        "rev": "a65cc07e87cac129baa4f7dde9b21bce474b5db2",
        "type": "github"
      },
      "original": {
        "owner": "nix-community",
        "repo": "emacs-overlay",
        "type": "github"
      }
    },
    "flake-utils": {
      "locked": {
        "lastModified": 1623875721,
        "narHash": "sha256-A8BU7bjS5GirpAUv4QA+QnJ4CceLHkcXdRp4xITDB0s=",
        "owner": "numtide",
        "repo": "flake-utils",
        "rev": "f7e004a55b120c02ecb6219596820fcd32ca8772",
        "type": "github"
      },
      "original": {
        "owner": "numtide",
        "repo": "flake-utils",
        "type": "github"
      }
    },
    "nixpkgs": {
      "locked": {
        "lastModified": 1621734677,
        "narHash": "sha256-gEYYbx335T0WhkgnpVNcgpxGsfqIK3CO/Uk6Yg9LgXM=",
        "owner": "NixOS",
        "repo": "nixpkgs",
        "rev": "b889a3f7a07515108cc9614639cd307cf2acbec5",
        "type": "github"
      },
      "original": {
        "owner": "NixOS",
        "ref": "21.11-pre",
        "repo": "nixpkgs",
        "type": "github"
      }
    },
    "root": {
      "inputs": {
        "emacs-overlay": "emacs-overlay",
        "flake-utils": "flake-utils",
        "nixpkgs": "nixpkgs"
      }
    }
  },
  "root": "root",
  "version": 7
}
